
Microsoft Visual Studio Solution File, Format Version 12.00
# Visual Studio 15
VisualStudioVersion = 15.0.27130.2027
MinimumVisualStudioVersion = 10.0.40219.1
Project("{FAE04EC0-301F-11D3-BF4B-00C04F79EFBC}") = "Semester_2", "Semester_2\Semester_2.csproj", "{031D40EA-BB45-44BC-ADB0-75AC7014E5AD}"
EndProject
Global
	GlobalSection(SolutionConfigurationPlatforms) = preSolution
		Debug|Any CPU = Debug|Any CPU
		Release|Any CPU = Release|Any CPU
	EndGlobalSection
	GlobalSection(ProjectConfigurationPlatforms) = postSolution
		{031D40EA-BB45-44BC-ADB0-75AC7014E5AD}.Debug|Any CPU.ActiveCfg = Debug|Any CPU
		{031D40EA-BB45-44BC-ADB0-75AC7014E5AD}.Debug|Any CPU.Build.0 = Debug|Any CPU
		{031D40EA-BB45-44BC-ADB0-75AC7014E5AD}.Release|Any CPU.ActiveCfg = Release|Any CPU
		{031D40EA-BB45-44BC-ADB0-75AC7014E5AD}.Release|Any CPU.Build.0 = Release|Any CPU
	EndGlobalSection
	GlobalSection(SolutionProperties) = preSolution
		HideSolutionNode = FALSE
	EndGlobalSection
	GlobalSection(ExtensibilityGlobals) = postSolution
		SolutionGuid = {51FD003A-88E3-4B31-BC2A-386ED6551727}
	EndGlobalSection
EndGlobal
